// !$*UTF8*$!
{
	archiveVersion = 1;
	classes = {
	};
	objectVersion = 48;
	objects = {

/* Begin PBXBuildFile section */
		55234A70205C9745007893A3 /* AppDelegate.swift in Sources */ = {isa = PBXBuildFile; fileRef = 55234A6F205C9745007893A3 /* AppDelegate.swift */; };
		55234A72205C9745007893A3 /* Assets.xcassets in Resources */ = {isa = PBXBuildFile; fileRef = 55234A71205C9745007893A3 /* Assets.xcassets */; };
		55234A75205C9745007893A3 /* MainMenu.xib in Resources */ = {isa = PBXBuildFile; fileRef = 55234A73205C9745007893A3 /* MainMenu.xib */; };
		55234A7E205C9879007893A3 /* RayTrace.swift in Sources */ = {isa = PBXBuildFile; fileRef = 55234A7D205C9879007893A3 /* RayTrace.swift */; };
		55234A80205CC557007893A3 /* Vec3.swift in Sources */ = {isa = PBXBuildFile; fileRef = 55234A7F205CC557007893A3 /* Vec3.swift */; };
		55234A82205CEC64007893A3 /* Ray.swift in Sources */ = {isa = PBXBuildFile; fileRef = 55234A81205CEC64007893A3 /* Ray.swift */; };
		55234A84205D0974007893A3 /* Hitable.swift in Sources */ = {isa = PBXBuildFile; fileRef = 55234A83205D0974007893A3 /* Hitable.swift */; };
		55234A86205D0B71007893A3 /* Sphere.swift in Sources */ = {isa = PBXBuildFile; fileRef = 55234A85205D0B71007893A3 /* Sphere.swift */; };
		55234A88205D0E56007893A3 /* HitableList.swift in Sources */ = {isa = PBXBuildFile; fileRef = 55234A87205D0E56007893A3 /* HitableList.swift */; };
		55234A8A205D9D28007893A3 /* Camera.swift in Sources */ = {isa = PBXBuildFile; fileRef = 55234A89205D9D28007893A3 /* Camera.swift */; };
		55234A8C205DAC24007893A3 /* Material.swift in Sources */ = {isa = PBXBuildFile; fileRef = 55234A8B205DAC24007893A3 /* Material.swift */; };
		55234A8E205DB480007893A3 /* Lambertian.swift in Sources */ = {isa = PBXBuildFile; fileRef = 55234A8D205DB480007893A3 /* Lambertian.swift */; };
		55234A90205DB7F7007893A3 /* Metal.swift in Sources */ = {isa = PBXBuildFile; fileRef = 55234A8F205DB7F7007893A3 /* Metal.swift */; };
/* End PBXBuildFile section */

/* Begin PBXFileReference section */
		55234A6C205C9745007893A3 /* Ray Tracing in One Weekend.app */ = {isa = PBXFileReference; explicitFileType = wrapper.application; includeInIndex = 0; path = "Ray Tracing in One Weekend.app"; sourceTree = BUILT_PRODUCTS_DIR; };
		55234A6F205C9745007893A3 /* AppDelegate.swift */ = {isa = PBXFileReference; lastKnownFileType = sourcecode.swift; path = AppDelegate.swift; sourceTree = "<group>"; };
		55234A71205C9745007893A3 /* Assets.xcassets */ = {isa = PBXFileReference; lastKnownFileType = folder.assetcatalog; path = Assets.xcassets; sourceTree = "<group>"; };
		55234A74205C9745007893A3 /* Base */ = {isa = PBXFileReference; lastKnownFileType = file.xib; name = Base; path = Base.lproj/MainMenu.xib; sourceTree = "<group>"; };
		55234A76205C9745007893A3 /* Info.plist */ = {isa = PBXFileReference; lastKnownFileType = text.plist.xml; path = Info.plist; sourceTree = "<group>"; };
		55234A77205C9745007893A3 /* Ray_Tracing_in_One_Weekend.entitlements */ = {isa = PBXFileReference; lastKnownFileType = text.plist.entitlements; path = Ray_Tracing_in_One_Weekend.entitlements; sourceTree = "<group>"; };
		55234A7D205C9879007893A3 /* RayTrace.swift */ = {isa = PBXFileReference; lastKnownFileType = sourcecode.swift; path = RayTrace.swift; sourceTree = "<group>"; };
		55234A7F205CC557007893A3 /* Vec3.swift */ = {isa = PBXFileReference; lastKnownFileType = sourcecode.swift; path = Vec3.swift; sourceTree = "<group>"; };
		55234A81205CEC64007893A3 /* Ray.swift */ = {isa = PBXFileReference; lastKnownFileType = sourcecode.swift; path = Ray.swift; sourceTree = "<group>"; };
		55234A83205D0974007893A3 /* Hitable.swift */ = {isa = PBXFileReference; lastKnownFileType = sourcecode.swift; path = Hitable.swift; sourceTree = "<group>"; };
		55234A85205D0B71007893A3 /* Sphere.swift */ = {isa = PBXFileReference; lastKnownFileType = sourcecode.swift; path = Sphere.swift; sourceTree = "<group>"; };
		55234A87205D0E56007893A3 /* HitableList.swift */ = {isa = PBXFileReference; lastKnownFileType = sourcecode.swift; path = HitableList.swift; sourceTree = "<group>"; };
		55234A89205D9D28007893A3 /* Camera.swift */ = {isa = PBXFileReference; lastKnownFileType = sourcecode.swift; path = Camera.swift; sourceTree = "<group>"; };
		55234A8B205DAC24007893A3 /* Material.swift */ = {isa = PBXFileReference; lastKnownFileType = sourcecode.swift; path = Material.swift; sourceTree = "<group>"; };
		55234A8D205DB480007893A3 /* Lambertian.swift */ = {isa = PBXFileReference; lastKnownFileType = sourcecode.swift; path = Lambertian.swift; sourceTree = "<group>"; };
		55234A8F205DB7F7007893A3 /* Metal.swift */ = {isa = PBXFileReference; lastKnownFileType = sourcecode.swift; path = Metal.swift; sourceTree = "<group>"; };
/* End PBXFileReference section */

/* Begin PBXFrameworksBuildPhase section */
		55234A69205C9744007893A3 /* Frameworks */ = {
			isa = PBXFrameworksBuildPhase;
			buildActionMask = 2147483647;
			files = (
			);
			runOnlyForDeploymentPostprocessing = 0;
		};
/* End PBXFrameworksBuildPhase section */

/* Begin PBXGroup section */
		55234A63205C9744007893A3 = {
			isa = PBXGroup;
			children = (
				55234A6E205C9745007893A3 /* Ray Tracing in One Weekend */,
				55234A6D205C9745007893A3 /* Products */,
			);
			sourceTree = "<group>";
		};
		55234A6D205C9745007893A3 /* Products */ = {
			isa = PBXGroup;
			children = (
				55234A6C205C9745007893A3 /* Ray Tracing in One Weekend.app */,
			);
			name = Products;
			sourceTree = "<group>";
		};
		55234A6E205C9745007893A3 /* Ray Tracing in One Weekend */ = {
			isa = PBXGroup;
			children = (
				55234A6F205C9745007893A3 /* AppDelegate.swift */,
				55234A89205D9D28007893A3 /* Camera.swift */,
				55234A7D205C9879007893A3 /* RayTrace.swift */,
				55234A8B205DAC24007893A3 /* Material.swift */,
				55234A83205D0974007893A3 /* Hitable.swift */,
				55234A8D205DB480007893A3 /* Lambertian.swift */,
				55234A8F205DB7F7007893A3 /* Metal.swift */,
				55234A85205D0B71007893A3 /* Sphere.swift */,
				55234A87205D0E56007893A3 /* HitableList.swift */,
				55234A7F205CC557007893A3 /* Vec3.swift */,
				55234A81205CEC64007893A3 /* Ray.swift */,
				55234A71205C9745007893A3 /* Assets.xcassets */,
				55234A73205C9745007893A3 /* MainMenu.xib */,
				55234A76205C9745007893A3 /* Info.plist */,
				55234A77205C9745007893A3 /* Ray_Tracing_in_One_Weekend.entitlements */,
			);
			path = "Ray Tracing in One Weekend";
			sourceTree = "<group>";
		};
/* End PBXGroup section */

/* Begin PBXNativeTarget section */
		55234A6B205C9744007893A3 /* Ray Tracing in One Weekend */ = {
			isa = PBXNativeTarget;
			buildConfigurationList = 55234A7A205C9745007893A3 /* Build configuration list for PBXNativeTarget "Ray Tracing in One Weekend" */;
			buildPhases = (
				55234A68205C9744007893A3 /* Sources */,
				55234A69205C9744007893A3 /* Frameworks */,
				55234A6A205C9744007893A3 /* Resources */,
			);
			buildRules = (
			);
			dependencies = (
			);
			name = "Ray Tracing in One Weekend";
			productName = "Ray Tracing in One Weekend";
			productReference = 55234A6C205C9745007893A3 /* Ray Tracing in One Weekend.app */;
			productType = "com.apple.product-type.application";
		};
/* End PBXNativeTarget section */

/* Begin PBXProject section */
		55234A64205C9744007893A3 /* Project object */ = {
			isa = PBXProject;
			attributes = {
				LastSwiftUpdateCheck = 0920;
				LastUpgradeCheck = 0920;
				ORGANIZATIONNAME = "David Kopec";
				TargetAttributes = {
					55234A6B205C9744007893A3 = {
						CreatedOnToolsVersion = 9.2;
						ProvisioningStyle = Automatic;
					};
				};
			};
			buildConfigurationList = 55234A67205C9744007893A3 /* Build configuration list for PBXProject "Ray Tracing in One Weekend" */;
			compatibilityVersion = "Xcode 8.0";
			developmentRegion = en;
			hasScannedForEncodings = 0;
			knownRegions = (
				en,
				Base,
			);
			mainGroup = 55234A63205C9744007893A3;
			productRefGroup = 55234A6D205C9745007893A3 /* Products */;
			projectDirPath = "";
			projectRoot = "";
			targets = (
				55234A6B205C9744007893A3 /* Ray Tracing in One Weekend */,
			);
		};
/* End PBXProject section */

/* Begin PBXResourcesBuildPhase section */
		55234A6A205C9744007893A3 /* Resources */ = {
			isa = PBXResourcesBuildPhase;
			buildActionMask = 2147483647;
			files = (
				55234A72205C9745007893A3 /* Assets.xcassets in Resources */,
				55234A75205C9745007893A3 /* MainMenu.xib in Resources */,
			);
			runOnlyForDeploymentPostprocessing = 0;
		};
/* End PBXResourcesBuildPhase section */

/* Begin PBXSourcesBuildPhase section */
		55234A68205C9744007893A3 /* Sources */ = {
			isa = PBXSourcesBuildPhase;
			buildActionMask = 2147483647;
			files = (
				55234A8A205D9D28007893A3 /* Camera.swift in Sources */,
				55234A8C205DAC24007893A3 /* Material.swift in Sources */,
				55234A8E205DB480007893A3 /* Lambertian.swift in Sources */,
				55234A82205CEC64007893A3 /* Ray.swift in Sources */,
				55234A7E205C9879007893A3 /* RayTrace.swift in Sources */,
				55234A86205D0B71007893A3 /* Sphere.swift in Sources */,
				55234A80205CC557007893A3 /* Vec3.swift in Sources */,
				55234A70205C9745007893A3 /* AppDelegate.swift in Sources */,
				55234A88205D0E56007893A3 /* HitableList.swift in Sources */,
				55234A90205DB7F7007893A3 /* Metal.swift in Sources */,
				55234A84205D0974007893A3 /* Hitable.swift in Sources */,
			);
			runOnlyForDeploymentPostprocessing = 0;
		};
/* End PBXSourcesBuildPhase section */

/* Begin PBXVariantGroup section */
		55234A73205C9745007893A3 /* MainMenu.xib */ = {
			isa = PBXVariantGroup;
			children = (
				55234A74205C9745007893A3 /* Base */,
			);
			name = MainMenu.xib;
			sourceTree = "<group>";
		};
/* End PBXVariantGroup section */

/* Begin XCBuildConfiguration section */
		55234A78205C9745007893A3 /* Debug */ = {
			isa = XCBuildConfiguration;
			buildSettings = {
				ALWAYS_SEARCH_USER_PATHS = NO;
				CLANG_ANALYZER_NONNULL = YES;
				CLANG_ANALYZER_NUMBER_OBJECT_CONVERSION = YES_AGGRESSIVE;
				CLANG_CXX_LANGUAGE_STANDARD = "gnu++14";
				CLANG_CXX_LIBRARY = "libc++";
				CLANG_ENABLE_MODULES = YES;
				CLANG_ENABLE_OBJC_ARC = YES;
				CLANG_WARN_BLOCK_CAPTURE_AUTORELEASING = YES;
				CLANG_WARN_BOOL_CONVERSION = YES;
				CLANG_WARN_COMMA = YES;
				CLANG_WARN_CONSTANT_CONVERSION = YES;
				CLANG_WARN_DIRECT_OBJC_ISA_USAGE = YES_ERROR;
				CLANG_WARN_DOCUMENTATION_COMMENTS = YES;
				CLANG_WARN_EMPTY_BODY = YES;
				CLANG_WARN_ENUM_CONVERSION = YES;
				CLANG_WARN_INFINITE_RECURSION = YES;
				CLANG_WARN_INT_CONVERSION = YES;
				CLANG_WARN_NON_LITERAL_NULL_CONVERSION = YES;
				CLANG_WARN_OBJC_LITERAL_CONVERSION = YES;
				CLANG_WARN_OBJC_ROOT_CLASS = YES_ERROR;
				CLANG_WARN_RANGE_LOOP_ANALYSIS = YES;
				CLANG_WARN_STRICT_PROTOTYPES = YES;
				CLANG_WARN_SUSPICIOUS_MOVE = YES;
				CLANG_WARN_UNGUARDED_AVAILABILITY = YES_AGGRESSIVE;
				CLANG_WARN_UNREACHABLE_CODE = YES;
				CLANG_WARN__DUPLICATE_METHOD_MATCH = YES;
				CODE_SIGN_IDENTITY = "Mac Developer";
				COPY_PHASE_STRIP = NO;
				DEBUG_INFORMATION_FORMAT = dwarf;
				ENABLE_STRICT_OBJC_MSGSEND = YES;
				ENABLE_TESTABILITY = YES;
				GCC_C_LANGUAGE_STANDARD = gnu11;
				GCC_DYNAMIC_NO_PIC = NO;
				GCC_NO_COMMON_BLOCKS = YES;
				GCC_OPTIMIZATION_LEVEL = 0;
				GCC_PREPROCESSOR_DEFINITIONS = (
					"DEBUG=1",
					"$(inherited)",
				);
				GCC_WARN_64_TO_32_BIT_CONVERSION = YES;
				GCC_WARN_ABOUT_RETURN_TYPE = YES_ERROR;
				GCC_WARN_UNDECLARED_SELECTOR = YES;
				GCC_WARN_UNINITIALIZED_AUTOS = YES_AGGRESSIVE;
				GCC_WARN_UNUSED_FUNCTION = YES;
				GCC_WARN_UNUSED_VARIABLE = YES;
				MACOSX_DEPLOYMENT_TARGET = 10.13;
				MTL_ENABLE_DEBUG_INFO = YES;
				ONLY_ACTIVE_ARCH = YES;
				SDKROOT = macosx;
				SWIFT_ACTIVE_COMPILATION_CONDITIONS = DEBUG;
				SWIFT_OPTIMIZATION_LEVEL = "-Onone";
			};
			name = Debug;
		};
		55234A79205C9745007893A3 /* Release */ = {
			isa = XCBuildConfiguration;
			buildSettings = {
				ALWAYS_SEARCH_USER_PATHS = NO;
				CLANG_ANALYZER_NONNULL = YES;
				CLANG_ANALYZER_NUMBER_OBJECT_CONVERSION = YES_AGGRESSIVE;
				CLANG_CXX_LANGUAGE_STANDARD = "gnu++14";
				CLANG_CXX_LIBRARY = "libc++";
				CLANG_ENABLE_MODULES = YES;
				CLANG_ENABLE_OBJC_ARC = YES;
				CLANG_WARN_BLOCK_CAPTURE_AUTORELEASING = YES;
				CLANG_WARN_BOOL_CONVERSION = YES;
				CLANG_WARN_COMMA = YES;
				CLANG_WARN_CONSTANT_CONVERSION = YES;
				CLANG_WARN_DIRECT_OBJC_ISA_USAGE = YES_ERROR;
				CLANG_WARN_DOCUMENTATION_COMMENTS = YES;
				CLANG_WARN_EMPTY_BODY = YES;
				CLANG_WARN_ENUM_CONVERSION = YES;
				CLANG_WARN_INFINITE_RECURSION = YES;
				CLANG_WARN_INT_CONVERSION = YES;
				CLANG_WARN_NON_LITERAL_NULL_CONVERSION = YES;
				CLANG_WARN_OBJC_LITERAL_CONVERSION = YES;
				CLANG_WARN_OBJC_ROOT_CLASS = YES_ERROR;
				CLANG_WARN_RANGE_LOOP_ANALYSIS = YES;
				CLANG_WARN_STRICT_PROTOTYPES = YES;
				CLANG_WARN_SUSPICIOUS_MOVE = YES;
				CLANG_WARN_UNGUARDED_AVAILABILITY = YES_AGGRESSIVE;
				CLANG_WARN_UNREACHABLE_CODE = YES;
				CLANG_WARN__DUPLICATE_METHOD_MATCH = YES;
				CODE_SIGN_IDENTITY = "Mac Developer";
				COPY_PHASE_STRIP = NO;
				DEBUG_INFORMATION_FORMAT = "dwarf-with-dsym";
				ENABLE_NS_ASSERTIONS = NO;
				ENABLE_STRICT_OBJC_MSGSEND = YES;
				GCC_C_LANGUAGE_STANDARD = gnu11;
				GCC_NO_COMMON_BLOCKS = YES;
				GCC_WARN_64_TO_32_BIT_CONVERSION = YES;
				GCC_WARN_ABOUT_RETURN_TYPE = YES_ERROR;
				GCC_WARN_UNDECLARED_SELECTOR = YES;
				GCC_WARN_UNINITIALIZED_AUTOS = YES_AGGRESSIVE;
				GCC_WARN_UNUSED_FUNCTION = YES;
				GCC_WARN_UNUSED_VARIABLE = YES;
				MACOSX_DEPLOYMENT_TARGET = 10.13;
				MTL_ENABLE_DEBUG_INFO = NO;
				SDKROOT = macosx;
				SWIFT_OPTIMIZATION_LEVEL = "-Owholemodule";
			};
			name = Release;
		};
		55234A7B205C9745007893A3 /* Debug */ = {
			isa = XCBuildConfiguration;
			buildSettings = {
				ASSETCATALOG_COMPILER_APPICON_NAME = AppIcon;
				CODE_SIGN_ENTITLEMENTS = "Ray Tracing in One Weekend/Ray_Tracing_in_One_Weekend.entitlements";
				CODE_SIGN_STYLE = Automatic;
				COMBINE_HIDPI_IMAGES = YES;
				DEVELOPMENT_TEAM = 59VX8JQ7R6;
				INFOPLIST_FILE = "Ray Tracing in One Weekend/Info.plist";
				LD_RUNPATH_SEARCH_PATHS = "$(inherited) @executable_path/../Frameworks";
				PRODUCT_BUNDLE_IDENTIFIER = "com.oaksnow.Ray-Tracing-in-One-Weekend";
				PRODUCT_NAME = "$(TARGET_NAME)";
				SWIFT_VERSION = 4.0;
			};
			name = Debug;
		};
		55234A7C205C9745007893A3 /* Release */ = {
			isa = XCBuildConfiguration;
			buildSettings = {
				ASSETCATALOG_COMPILER_APPICON_NAME = AppIcon;
				CODE_SIGN_ENTITLEMENTS = "Ray Tracing in One Weekend/Ray_Tracing_in_One_Weekend.entitlements";
				CODE_SIGN_STYLE = Automatic;
				COMBINE_HIDPI_IMAGES = YES;
				DEVELOPMENT_TEAM = 59VX8JQ7R6;
				INFOPLIST_FILE = "Ray Tracing in One Weekend/Info.plist";
				LD_RUNPATH_SEARCH_PATHS = "$(inherited) @executable_path/../Frameworks";
				PRODUCT_BUNDLE_IDENTIFIER = "com.oaksnow.Ray-Tracing-in-One-Weekend";
				PRODUCT_NAME = "$(TARGET_NAME)";
				SWIFT_VERSION = 4.0;
			};
			name = Release;
		};
/* End XCBuildConfiguration section */

/* Begin XCConfigurationList section */
		55234A67205C9744007893A3 /* Build configuration list for PBXProject "Ray Tracing in One Weekend" */ = {
			isa = XCConfigurationList;
			buildConfigurations = (
				55234A78205C9745007893A3 /* Debug */,
				55234A79205C9745007893A3 /* Release */,
			);
			defaultConfigurationIsVisible = 0;
			defaultConfigurationName = Release;
		};
		55234A7A205C9745007893A3 /* Build configuration list for PBXNativeTarget "Ray Tracing in One Weekend" */ = {
			isa = XCConfigurationList;
			buildConfigurations = (
				55234A7B205C9745007893A3 /* Debug */,
				55234A7C205C9745007893A3 /* Release */,
			);
			defaultConfigurationIsVisible = 0;
			defaultConfigurationName = Release;
		};
/* End XCConfigurationList section */
	};
	rootObject = 55234A64205C9744007893A3 /* Project object */;
}
